github.com/schnerring/hugo-mod-json-resume v0.0.0-20250216064620-4a85757a0b02 h1:2frcjWdi69iTtWE8VIy6+HwdChMiRnUq8Ajh3ASC+jA=
github.com/schnerring/hugo-mod-json-resume v0.0.0-20250216064620-4a85757a0b02/go.mod h1:mR9QHxN8Dfihtb4nsgU3rsJs61DeIC4q4qK5tJeF3Kw=
github.com/schnerring/hugo-theme-gruvbox v0.0.0-20250116084957-37e56b71e8f1 h1:LK8yCQsV8QP23ILo26lVtAOmTV9zVzPqLaPX8c8oDKo=
github.com/schnerring/hugo-theme-gruvbox v0.0.0-20250116084957-37e56b71e8f1/go.mod h1:tk8bl3CReZuZmIW4CVLR9892Ja7uSby4Tq4Jx+JGrxk=
